
Microsoft Visual Studio Solution File, Format Version 12.00
# Visual Studio Version 16
VisualStudioVersion = 16.0.30523.141
MinimumVisualStudioVersion = 10.0.40219.1
Project("{FAE04EC0-301F-11D3-BF4B-00C04F79EFBC}") = "CSToTypeScritpModelConverter", "CSToTypeScritpModelConverter\CSToTypeScritpModelConverter.csproj", "{EFB4D098-35B9-45D5-879A-7CB93CD01FA3}"
EndProject
Project("{9A19103F-16F7-4668-BE54-9A1E7A4F7556}") = "Converter.Core", "Converter.Core\Converter.Core.csproj", "{1764DC54-0FFC-4FA7-81E7-F49C55DBD39D}"
EndProject
Project("{9A19103F-16F7-4668-BE54-9A1E7A4F7556}") = "Converter.Console", "Converter.Console\Converter.Console.csproj", "{DFA2BE2A-04A0-4DD1-B86C-972CDEF6E5A5}"
EndProject
Project("{FAE04EC0-301F-11D3-BF4B-00C04F79EFBC}") = "Converter.Tests", "Converter.Tests\Converter.Tests.csproj", "{3D58F230-76AD-47EB-93EB-4F1F42531194}"
EndProject
Global
	GlobalSection(SolutionConfigurationPlatforms) = preSolution
		Debug|Any CPU = Debug|Any CPU
		Release|Any CPU = Release|Any CPU
	EndGlobalSection
	GlobalSection(ProjectConfigurationPlatforms) = postSolution
		{EFB4D098-35B9-45D5-879A-7CB93CD01FA3}.Debug|Any CPU.ActiveCfg = Debug|Any CPU
		{EFB4D098-35B9-45D5-879A-7CB93CD01FA3}.Debug|Any CPU.Build.0 = Debug|Any CPU
		{EFB4D098-35B9-45D5-879A-7CB93CD01FA3}.Release|Any CPU.ActiveCfg = Release|Any CPU
		{EFB4D098-35B9-45D5-879A-7CB93CD01FA3}.Release|Any CPU.Build.0 = Release|Any CPU
		{1764DC54-0FFC-4FA7-81E7-F49C55DBD39D}.Debug|Any CPU.ActiveCfg = Debug|Any CPU
		{1764DC54-0FFC-4FA7-81E7-F49C55DBD39D}.Debug|Any CPU.Build.0 = Debug|Any CPU
		{1764DC54-0FFC-4FA7-81E7-F49C55DBD39D}.Release|Any CPU.ActiveCfg = Release|Any CPU
		{1764DC54-0FFC-4FA7-81E7-F49C55DBD39D}.Release|Any CPU.Build.0 = Release|Any CPU
		{DFA2BE2A-04A0-4DD1-B86C-972CDEF6E5A5}.Debug|Any CPU.ActiveCfg = Debug|Any CPU
		{DFA2BE2A-04A0-4DD1-B86C-972CDEF6E5A5}.Debug|Any CPU.Build.0 = Debug|Any CPU
		{DFA2BE2A-04A0-4DD1-B86C-972CDEF6E5A5}.Release|Any CPU.ActiveCfg = Release|Any CPU
		{DFA2BE2A-04A0-4DD1-B86C-972CDEF6E5A5}.Release|Any CPU.Build.0 = Release|Any CPU
		{3D58F230-76AD-47EB-93EB-4F1F42531194}.Debug|Any CPU.ActiveCfg = Debug|Any CPU
		{3D58F230-76AD-47EB-93EB-4F1F42531194}.Debug|Any CPU.Build.0 = Debug|Any CPU
		{3D58F230-76AD-47EB-93EB-4F1F42531194}.Release|Any CPU.ActiveCfg = Release|Any CPU
		{3D58F230-76AD-47EB-93EB-4F1F42531194}.Release|Any CPU.Build.0 = Release|Any CPU
	EndGlobalSection
	GlobalSection(SolutionProperties) = preSolution
		HideSolutionNode = FALSE
	EndGlobalSection
	GlobalSection(ExtensibilityGlobals) = postSolution
		SolutionGuid = {00073D3C-AD9E-4B06-AA88-9BECA74E9A34}
	EndGlobalSection
EndGlobal
